
Microsoft Visual Studio Solution File, Format Version 12.00
# Visual Studio Version 17
VisualStudioVersion = 17.3.32929.385
MinimumVisualStudioVersion = 10.0.40219.1
Project("{FAE04EC0-301F-11D3-BF4B-00C04F79EFBC}") = "CL.MarsRover", "CL.MarsRover\CL.MarsRover.csproj", "{64170E29-4CE5-40F9-82ED-4317DEEDFADC}"
EndProject
Project("{FAE04EC0-301F-11D3-BF4B-00C04F79EFBC}") = "MarsRoverTests", "MarsRoverTests\MarsRoverTests.csproj", "{DD099CF1-6C96-4283-9A94-86273EE78441}"
EndProject
Global
	GlobalSection(SolutionConfigurationPlatforms) = preSolution
		Debug|Any CPU = Debug|Any CPU
		Release|Any CPU = Release|Any CPU
	EndGlobalSection
	GlobalSection(ProjectConfigurationPlatforms) = postSolution
		{64170E29-4CE5-40F9-82ED-4317DEEDFADC}.Debug|Any CPU.ActiveCfg = Debug|Any CPU
		{64170E29-4CE5-40F9-82ED-4317DEEDFADC}.Debug|Any CPU.Build.0 = Debug|Any CPU
		{64170E29-4CE5-40F9-82ED-4317DEEDFADC}.Release|Any CPU.ActiveCfg = Release|Any CPU
		{64170E29-4CE5-40F9-82ED-4317DEEDFADC}.Release|Any CPU.Build.0 = Release|Any CPU
		{DD099CF1-6C96-4283-9A94-86273EE78441}.Debug|Any CPU.ActiveCfg = Debug|Any CPU
		{DD099CF1-6C96-4283-9A94-86273EE78441}.Debug|Any CPU.Build.0 = Debug|Any CPU
		{DD099CF1-6C96-4283-9A94-86273EE78441}.Release|Any CPU.ActiveCfg = Release|Any CPU
		{DD099CF1-6C96-4283-9A94-86273EE78441}.Release|Any CPU.Build.0 = Release|Any CPU
	EndGlobalSection
	GlobalSection(SolutionProperties) = preSolution
		HideSolutionNode = FALSE
	EndGlobalSection
	GlobalSection(ExtensibilityGlobals) = postSolution
		SolutionGuid = {B6A63D24-9B27-43DC-BC2F-8C94FACCD1D0}
	EndGlobalSection
EndGlobal
